
Microsoft Visual Studio Solution File, Format Version 12.00
# Visual Studio 2012
Project("{D954291E-2A0B-460D-934E-DC6B0785DB48}") = "ListviewInsideOfScrollViewXF", "ListviewInsideOfScrollViewXF\ListviewInsideOfScrollViewXF.shproj", "{4F7DC6A5-DA3C-433E-B753-7656232415FB}"
EndProject
Project("{FAE04EC0-301F-11D3-BF4B-00C04F79EFBC}") = "ListviewInsideOfScrollViewXF.iOS", "iOS\ListviewInsideOfScrollViewXF.iOS.csproj", "{0B0444EC-A7BE-4936-9AB0-E55508D9BDE7}"
EndProject
Project("{FAE04EC0-301F-11D3-BF4B-00C04F79EFBC}") = "ListviewInsideOfScrollViewXF.Droid", "Droid\ListviewInsideOfScrollViewXF.Droid.csproj", "{03E5482E-C976-4DD5-A4A1-9AD750864189}"
EndProject
Global
	GlobalSection(SolutionConfigurationPlatforms) = preSolution
		Debug|iPhoneSimulator = Debug|iPhoneSimulator
		Release|iPhone = Release|iPhone
		Release|iPhoneSimulator = Release|iPhoneSimulator
		Debug|iPhone = Debug|iPhone
		Debug|Any CPU = Debug|Any CPU
		Release|Any CPU = Release|Any CPU
	EndGlobalSection
	GlobalSection(ProjectConfigurationPlatforms) = postSolution
		{0B0444EC-A7BE-4936-9AB0-E55508D9BDE7}.Debug|iPhoneSimulator.ActiveCfg = Debug|iPhoneSimulator
		{0B0444EC-A7BE-4936-9AB0-E55508D9BDE7}.Debug|iPhoneSimulator.Build.0 = Debug|iPhoneSimulator
		{0B0444EC-A7BE-4936-9AB0-E55508D9BDE7}.Release|iPhone.ActiveCfg = Release|iPhone
		{0B0444EC-A7BE-4936-9AB0-E55508D9BDE7}.Release|iPhone.Build.0 = Release|iPhone
		{0B0444EC-A7BE-4936-9AB0-E55508D9BDE7}.Release|iPhoneSimulator.ActiveCfg = Release|iPhoneSimulator
		{0B0444EC-A7BE-4936-9AB0-E55508D9BDE7}.Release|iPhoneSimulator.Build.0 = Release|iPhoneSimulator
		{0B0444EC-A7BE-4936-9AB0-E55508D9BDE7}.Debug|iPhone.ActiveCfg = Debug|iPhone
		{0B0444EC-A7BE-4936-9AB0-E55508D9BDE7}.Debug|iPhone.Build.0 = Debug|iPhone
		{0B0444EC-A7BE-4936-9AB0-E55508D9BDE7}.Debug|Any CPU.ActiveCfg = Debug|iPhoneSimulator
		{0B0444EC-A7BE-4936-9AB0-E55508D9BDE7}.Debug|Any CPU.Build.0 = Debug|iPhoneSimulator
		{0B0444EC-A7BE-4936-9AB0-E55508D9BDE7}.Release|Any CPU.ActiveCfg = Release|iPhone
		{0B0444EC-A7BE-4936-9AB0-E55508D9BDE7}.Release|Any CPU.Build.0 = Release|iPhone
		{03E5482E-C976-4DD5-A4A1-9AD750864189}.Debug|iPhoneSimulator.ActiveCfg = Debug|Any CPU
		{03E5482E-C976-4DD5-A4A1-9AD750864189}.Debug|iPhoneSimulator.Build.0 = Debug|Any CPU
		{03E5482E-C976-4DD5-A4A1-9AD750864189}.Release|iPhone.ActiveCfg = Release|Any CPU
		{03E5482E-C976-4DD5-A4A1-9AD750864189}.Release|iPhone.Build.0 = Release|Any CPU
		{03E5482E-C976-4DD5-A4A1-9AD750864189}.Release|iPhoneSimulator.ActiveCfg = Release|Any CPU
		{03E5482E-C976-4DD5-A4A1-9AD750864189}.Release|iPhoneSimulator.Build.0 = Release|Any CPU
		{03E5482E-C976-4DD5-A4A1-9AD750864189}.Debug|iPhone.ActiveCfg = Debug|Any CPU
		{03E5482E-C976-4DD5-A4A1-9AD750864189}.Debug|iPhone.Build.0 = Debug|Any CPU
		{03E5482E-C976-4DD5-A4A1-9AD750864189}.Debug|Any CPU.ActiveCfg = Debug|Any CPU
		{03E5482E-C976-4DD5-A4A1-9AD750864189}.Debug|Any CPU.Build.0 = Debug|Any CPU
		{03E5482E-C976-4DD5-A4A1-9AD750864189}.Release|Any CPU.ActiveCfg = Release|Any CPU
		{03E5482E-C976-4DD5-A4A1-9AD750864189}.Release|Any CPU.Build.0 = Release|Any CPU
	EndGlobalSection
EndGlobal
